
Microsoft Visual Studio Solution File, Format Version 12.00
# Visual Studio Version 16
VisualStudioVersion = 16.0.29709.97
MinimumVisualStudioVersion = 10.0.40219.1
Project("{FAE04EC0-301F-11D3-BF4B-00C04F79EFBC}") = "20200202_wpf_gyudong", "20200202_wpf_gyudong\20200202_wpf_gyudong.csproj", "{A3827919-E701-4D7D-8809-E87E3EFE0FFD}"
EndProject
Global
	GlobalSection(SolutionConfigurationPlatforms) = preSolution
		Debug|Any CPU = Debug|Any CPU
		Release|Any CPU = Release|Any CPU
	EndGlobalSection
	GlobalSection(ProjectConfigurationPlatforms) = postSolution
		{A3827919-E701-4D7D-8809-E87E3EFE0FFD}.Debug|Any CPU.ActiveCfg = Debug|Any CPU
		{A3827919-E701-4D7D-8809-E87E3EFE0FFD}.Debug|Any CPU.Build.0 = Debug|Any CPU
		{A3827919-E701-4D7D-8809-E87E3EFE0FFD}.Release|Any CPU.ActiveCfg = Release|Any CPU
		{A3827919-E701-4D7D-8809-E87E3EFE0FFD}.Release|Any CPU.Build.0 = Release|Any CPU
	EndGlobalSection
	GlobalSection(SolutionProperties) = preSolution
		HideSolutionNode = FALSE
	EndGlobalSection
	GlobalSection(ExtensibilityGlobals) = postSolution
		SolutionGuid = {988F7A65-24E9-445A-93AF-C3A1670FF91A}
	EndGlobalSection
EndGlobal
